// !$*UTF8*$!
{
	archiveVersion = 1;
	classes = {
	};
	objectVersion = 56;
	objects = {

/* Begin PBXBuildFile section */
		CFB9DC37290E54E9005ACEBE /* ContentView.swift in Sources */ = {isa = PBXBuildFile; fileRef = CFBDC9D12901A395006160DB /* ContentView.swift */; };
		CFBDC9D02901A395006160DB /* Traffic_LightsApp.swift in Sources */ = {isa = PBXBuildFile; fileRef = CFBDC9CF2901A395006160DB /* Traffic_LightsApp.swift */; };
		CFBDC9D22901A395006160DB /* ContentView.swift in Sources */ = {isa = PBXBuildFile; fileRef = CFBDC9D12901A395006160DB /* ContentView.swift */; };
		CFBDC9D42901A397006160DB /* Assets.xcassets in Resources */ = {isa = PBXBuildFile; fileRef = CFBDC9D32901A397006160DB /* Assets.xcassets */; };
		CFBDC9D72901A397006160DB /* Preview Assets.xcassets in Resources */ = {isa = PBXBuildFile; fileRef = CFBDC9D62901A397006160DB /* Preview Assets.xcassets */; };
		CFBDC9E12901A397006160DB /* Traffic_LightsTests.swift in Sources */ = {isa = PBXBuildFile; fileRef = CFBDC9E02901A397006160DB /* Traffic_LightsTests.swift */; };
		CFBDC9EB2901A397006160DB /* Traffic_LightsUITests.swift in Sources */ = {isa = PBXBuildFile; fileRef = CFBDC9EA2901A397006160DB /* Traffic_LightsUITests.swift */; };
		CFBDC9ED2901A397006160DB /* Traffic_LightsUITestsLaunchTests.swift in Sources */ = {isa = PBXBuildFile; fileRef = CFBDC9EC2901A397006160DB /* Traffic_LightsUITestsLaunchTests.swift */; };
		CFBDCA002901A3C2006160DB /* WidgetKit.framework in Frameworks */ = {isa = PBXBuildFile; fileRef = CFBDC9FF2901A3C2006160DB /* WidgetKit.framework */; };
		CFBDCA022901A3C2006160DB /* SwiftUI.framework in Frameworks */ = {isa = PBXBuildFile; fileRef = CFBDCA012901A3C2006160DB /* SwiftUI.framework */; };
		CFBDCA052901A3C2006160DB /* widgetBundle.swift in Sources */ = {isa = PBXBuildFile; fileRef = CFBDCA042901A3C2006160DB /* widgetBundle.swift */; };
		CFBDCA072901A3C2006160DB /* widgetLiveActivity.swift in Sources */ = {isa = PBXBuildFile; fileRef = CFBDCA062901A3C2006160DB /* widgetLiveActivity.swift */; };
		CFBDCA092901A3C2006160DB /* widget.swift in Sources */ = {isa = PBXBuildFile; fileRef = CFBDCA082901A3C2006160DB /* widget.swift */; };
		CFBDCA0C2901A3C4006160DB /* Assets.xcassets in Resources */ = {isa = PBXBuildFile; fileRef = CFBDCA0B2901A3C4006160DB /* Assets.xcassets */; };
		CFBDCA0E2901A3C4006160DB /* widget.intentdefinition in Sources */ = {isa = PBXBuildFile; fileRef = CFBDCA0A2901A3C2006160DB /* widget.intentdefinition */; };
		CFBDCA0F2901A3C4006160DB /* widget.intentdefinition in Sources */ = {isa = PBXBuildFile; fileRef = CFBDCA0A2901A3C2006160DB /* widget.intentdefinition */; };
		CFBDCA122901A3C4006160DB /* widgetExtension.appex in Embed Foundation Extensions */ = {isa = PBXBuildFile; fileRef = CFBDC9FD2901A3C2006160DB /* widgetExtension.appex */; settings = {ATTRIBUTES = (RemoveHeadersOnCopy, ); }; };
		CFBDCA172901A70E006160DB /* widgetLiveActivity.swift in Sources */ = {isa = PBXBuildFile; fileRef = CFBDCA062901A3C2006160DB /* widgetLiveActivity.swift */; };
		CFBDCA1A29026F5F006160DB /* Assets.xcassets in Resources */ = {isa = PBXBuildFile; fileRef = CFBDC9D32901A397006160DB /* Assets.xcassets */; };
/* End PBXBuildFile section */

/* Begin PBXContainerItemProxy section */
		CFBDC9DD2901A397006160DB /* PBXContainerItemProxy */ = {
			isa = PBXContainerItemProxy;
			containerPortal = CFBDC9C42901A395006160DB /* Project object */;
			proxyType = 1;
			remoteGlobalIDString = CFBDC9CB2901A395006160DB;
			remoteInfo = "Traffic Lights";
		};
		CFBDC9E72901A397006160DB /* PBXContainerItemProxy */ = {
			isa = PBXContainerItemProxy;
			containerPortal = CFBDC9C42901A395006160DB /* Project object */;
			proxyType = 1;
			remoteGlobalIDString = CFBDC9CB2901A395006160DB;
			remoteInfo = "Traffic Lights";
		};
		CFBDCA102901A3C4006160DB /* PBXContainerItemProxy */ = {
			isa = PBXContainerItemProxy;
			containerPortal = CFBDC9C42901A395006160DB /* Project object */;
			proxyType = 1;
			remoteGlobalIDString = CFBDC9FC2901A3C1006160DB;
			remoteInfo = widgetExtension;
		};
/* End PBXContainerItemProxy section */

/* Begin PBXCopyFilesBuildPhase section */
		CFBDCA162901A3C4006160DB /* Embed Foundation Extensions */ = {
			isa = PBXCopyFilesBuildPhase;
			buildActionMask = 2147483647;
			dstPath = "";
			dstSubfolderSpec = 13;
			files = (
				CFBDCA122901A3C4006160DB /* widgetExtension.appex in Embed Foundation Extensions */,
			);
			name = "Embed Foundation Extensions";
			runOnlyForDeploymentPostprocessing = 0;
		};
/* End PBXCopyFilesBuildPhase section */

/* Begin PBXFileReference section */
		CFBDC9CC2901A395006160DB /* Traffic Lights.app */ = {isa = PBXFileReference; explicitFileType = wrapper.application; includeInIndex = 0; path = "Traffic Lights.app"; sourceTree = BUILT_PRODUCTS_DIR; };
		CFBDC9CF2901A395006160DB /* Traffic_LightsApp.swift */ = {isa = PBXFileReference; lastKnownFileType = sourcecode.swift; path = Traffic_LightsApp.swift; sourceTree = "<group>"; };
		CFBDC9D12901A395006160DB /* ContentView.swift */ = {isa = PBXFileReference; lastKnownFileType = sourcecode.swift; path = ContentView.swift; sourceTree = "<group>"; };
		CFBDC9D32901A397006160DB /* Assets.xcassets */ = {isa = PBXFileReference; lastKnownFileType = folder.assetcatalog; path = Assets.xcassets; sourceTree = "<group>"; };
		CFBDC9D62901A397006160DB /* Preview Assets.xcassets */ = {isa = PBXFileReference; lastKnownFileType = folder.assetcatalog; path = "Preview Assets.xcassets"; sourceTree = "<group>"; };
		CFBDC9DC2901A397006160DB /* Traffic LightsTests.xctest */ = {isa = PBXFileReference; explicitFileType = wrapper.cfbundle; includeInIndex = 0; path = "Traffic LightsTests.xctest"; sourceTree = BUILT_PRODUCTS_DIR; };
		CFBDC9E02901A397006160DB /* Traffic_LightsTests.swift */ = {isa = PBXFileReference; lastKnownFileType = sourcecode.swift; path = Traffic_LightsTests.swift; sourceTree = "<group>"; };
		CFBDC9E62901A397006160DB /* Traffic LightsUITests.xctest */ = {isa = PBXFileReference; explicitFileType = wrapper.cfbundle; includeInIndex = 0; path = "Traffic LightsUITests.xctest"; sourceTree = BUILT_PRODUCTS_DIR; };
		CFBDC9EA2901A397006160DB /* Traffic_LightsUITests.swift */ = {isa = PBXFileReference; lastKnownFileType = sourcecode.swift; path = Traffic_LightsUITests.swift; sourceTree = "<group>"; };
		CFBDC9EC2901A397006160DB /* Traffic_LightsUITestsLaunchTests.swift */ = {isa = PBXFileReference; lastKnownFileType = sourcecode.swift; path = Traffic_LightsUITestsLaunchTests.swift; sourceTree = "<group>"; };
		CFBDC9FD2901A3C2006160DB /* widgetExtension.appex */ = {isa = PBXFileReference; explicitFileType = "wrapper.app-extension"; includeInIndex = 0; path = widgetExtension.appex; sourceTree = BUILT_PRODUCTS_DIR; };
		CFBDC9FF2901A3C2006160DB /* WidgetKit.framework */ = {isa = PBXFileReference; lastKnownFileType = wrapper.framework; name = WidgetKit.framework; path = System/Library/Frameworks/WidgetKit.framework; sourceTree = SDKROOT; };
		CFBDCA012901A3C2006160DB /* SwiftUI.framework */ = {isa = PBXFileReference; lastKnownFileType = wrapper.framework; name = SwiftUI.framework; path = System/Library/Frameworks/SwiftUI.framework; sourceTree = SDKROOT; };
		CFBDCA042901A3C2006160DB /* widgetBundle.swift */ = {isa = PBXFileReference; lastKnownFileType = sourcecode.swift; path = widgetBundle.swift; sourceTree = "<group>"; };
		CFBDCA062901A3C2006160DB /* widgetLiveActivity.swift */ = {isa = PBXFileReference; lastKnownFileType = sourcecode.swift; path = widgetLiveActivity.swift; sourceTree = "<group>"; };
		CFBDCA082901A3C2006160DB /* widget.swift */ = {isa = PBXFileReference; lastKnownFileType = sourcecode.swift; path = widget.swift; sourceTree = "<group>"; };
		CFBDCA0A2901A3C2006160DB /* widget.intentdefinition */ = {isa = PBXFileReference; lastKnownFileType = file.intentdefinition; path = widget.intentdefinition; sourceTree = "<group>"; };
		CFBDCA0B2901A3C4006160DB /* Assets.xcassets */ = {isa = PBXFileReference; lastKnownFileType = folder.assetcatalog; path = Assets.xcassets; sourceTree = "<group>"; };
		CFBDCA0D2901A3C4006160DB /* Info.plist */ = {isa = PBXFileReference; lastKnownFileType = text.plist.xml; path = Info.plist; sourceTree = "<group>"; };
/* End PBXFileReference section */

/* Begin PBXFrameworksBuildPhase section */
		CFBDC9C92901A395006160DB /* Frameworks */ = {
			isa = PBXFrameworksBuildPhase;
			buildActionMask = 2147483647;
			files = (
			);
			runOnlyForDeploymentPostprocessing = 0;
		};
		CFBDC9D92901A397006160DB /* Frameworks */ = {
			isa = PBXFrameworksBuildPhase;
			buildActionMask = 2147483647;
			files = (
			);
			runOnlyForDeploymentPostprocessing = 0;
		};
		CFBDC9E32901A397006160DB /* Frameworks */ = {
			isa = PBXFrameworksBuildPhase;
			buildActionMask = 2147483647;
			files = (
			);
			runOnlyForDeploymentPostprocessing = 0;
		};
		CFBDC9FA2901A3C1006160DB /* Frameworks */ = {
			isa = PBXFrameworksBuildPhase;
			buildActionMask = 2147483647;
			files = (
				CFBDCA022901A3C2006160DB /* SwiftUI.framework in Frameworks */,
				CFBDCA002901A3C2006160DB /* WidgetKit.framework in Frameworks */,
			);
			runOnlyForDeploymentPostprocessing = 0;
		};
/* End PBXFrameworksBuildPhase section */

/* Begin PBXGroup section */
		CFBDC9C32901A395006160DB = {
			isa = PBXGroup;
			children = (
				CFBDC9CE2901A395006160DB /* Traffic Lights */,
				CFBDC9DF2901A397006160DB /* Traffic LightsTests */,
				CFBDC9E92901A397006160DB /* Traffic LightsUITests */,
				CFBDCA032901A3C2006160DB /* widget */,
				CFBDC9FE2901A3C2006160DB /* Frameworks */,
				CFBDC9CD2901A395006160DB /* Products */,
			);
			sourceTree = "<group>";
		};
		CFBDC9CD2901A395006160DB /* Products */ = {
			isa = PBXGroup;
			children = (
				CFBDC9CC2901A395006160DB /* Traffic Lights.app */,
				CFBDC9DC2901A397006160DB /* Traffic LightsTests.xctest */,
				CFBDC9E62901A397006160DB /* Traffic LightsUITests.xctest */,
				CFBDC9FD2901A3C2006160DB /* widgetExtension.appex */,
			);
			name = Products;
			sourceTree = "<group>";
		};
		CFBDC9CE2901A395006160DB /* Traffic Lights */ = {
			isa = PBXGroup;
			children = (
				CFBDC9CF2901A395006160DB /* Traffic_LightsApp.swift */,
				CFBDC9D12901A395006160DB /* ContentView.swift */,
				CFBDC9D32901A397006160DB /* Assets.xcassets */,
				CFBDC9D52901A397006160DB /* Preview Content */,
			);
			path = "Traffic Lights";
			sourceTree = "<group>";
		};
		CFBDC9D52901A397006160DB /* Preview Content */ = {
			isa = PBXGroup;
			children = (
				CFBDC9D62901A397006160DB /* Preview Assets.xcassets */,
			);
			path = "Preview Content";
			sourceTree = "<group>";
		};
		CFBDC9DF2901A397006160DB /* Traffic LightsTests */ = {
			isa = PBXGroup;
			children = (
				CFBDC9E02901A397006160DB /* Traffic_LightsTests.swift */,
			);
			path = "Traffic LightsTests";
			sourceTree = "<group>";
		};
		CFBDC9E92901A397006160DB /* Traffic LightsUITests */ = {
			isa = PBXGroup;
			children = (
				CFBDC9EA2901A397006160DB /* Traffic_LightsUITests.swift */,
				CFBDC9EC2901A397006160DB /* Traffic_LightsUITestsLaunchTests.swift */,
			);
			path = "Traffic LightsUITests";
			sourceTree = "<group>";
		};
		CFBDC9FE2901A3C2006160DB /* Frameworks */ = {
			isa = PBXGroup;
			children = (
				CFBDC9FF2901A3C2006160DB /* WidgetKit.framework */,
				CFBDCA012901A3C2006160DB /* SwiftUI.framework */,
			);
			name = Frameworks;
			sourceTree = "<group>";
		};
		CFBDCA032901A3C2006160DB /* widget */ = {
			isa = PBXGroup;
			children = (
				CFBDCA042901A3C2006160DB /* widgetBundle.swift */,
				CFBDCA062901A3C2006160DB /* widgetLiveActivity.swift */,
				CFBDCA082901A3C2006160DB /* widget.swift */,
				CFBDCA0A2901A3C2006160DB /* widget.intentdefinition */,
				CFBDCA0B2901A3C4006160DB /* Assets.xcassets */,
				CFBDCA0D2901A3C4006160DB /* Info.plist */,
			);
			path = widget;
			sourceTree = "<group>";
		};
/* End PBXGroup section */

/* Begin PBXNativeTarget section */
		CFBDC9CB2901A395006160DB /* Traffic Lights */ = {
			isa = PBXNativeTarget;
			buildConfigurationList = CFBDC9F02901A397006160DB /* Build configuration list for PBXNativeTarget "Traffic Lights" */;
			buildPhases = (
				CFBDC9C82901A395006160DB /* Sources */,
				CFBDC9C92901A395006160DB /* Frameworks */,
				CFBDC9CA2901A395006160DB /* Resources */,
				CFBDCA162901A3C4006160DB /* Embed Foundation Extensions */,
			);
			buildRules = (
			);
			dependencies = (
				CFBDCA112901A3C4006160DB /* PBXTargetDependency */,
			);
			name = "Traffic Lights";
			productName = "Traffic Lights";
			productReference = CFBDC9CC2901A395006160DB /* Traffic Lights.app */;
			productType = "com.apple.product-type.application";
		};
		CFBDC9DB2901A397006160DB /* Traffic LightsTests */ = {
			isa = PBXNativeTarget;
			buildConfigurationList = CFBDC9F32901A397006160DB /* Build configuration list for PBXNativeTarget "Traffic LightsTests" */;
			buildPhases = (
				CFBDC9D82901A397006160DB /* Sources */,
				CFBDC9D92901A397006160DB /* Frameworks */,
				CFBDC9DA2901A397006160DB /* Resources */,
			);
			buildRules = (
			);
			dependencies = (
				CFBDC9DE2901A397006160DB /* PBXTargetDependency */,
			);
			name = "Traffic LightsTests";
			productName = "Traffic LightsTests";
			productReference = CFBDC9DC2901A397006160DB /* Traffic LightsTests.xctest */;
			productType = "com.apple.product-type.bundle.unit-test";
		};
		CFBDC9E52901A397006160DB /* Traffic LightsUITests */ = {
			isa = PBXNativeTarget;
			buildConfigurationList = CFBDC9F62901A397006160DB /* Build configuration list for PBXNativeTarget "Traffic LightsUITests" */;
			buildPhases = (
				CFBDC9E22901A397006160DB /* Sources */,
				CFBDC9E32901A397006160DB /* Frameworks */,
				CFBDC9E42901A397006160DB /* Resources */,
			);
			buildRules = (
			);
			dependencies = (
				CFBDC9E82901A397006160DB /* PBXTargetDependency */,
			);
			name = "Traffic LightsUITests";
			productName = "Traffic LightsUITests";
			productReference = CFBDC9E62901A397006160DB /* Traffic LightsUITests.xctest */;
			productType = "com.apple.product-type.bundle.ui-testing";
		};
		CFBDC9FC2901A3C1006160DB /* widgetExtension */ = {
			isa = PBXNativeTarget;
			buildConfigurationList = CFBDCA132901A3C4006160DB /* Build configuration list for PBXNativeTarget "widgetExtension" */;
			buildPhases = (
				CFBDC9F92901A3C1006160DB /* Sources */,
				CFBDC9FA2901A3C1006160DB /* Frameworks */,
				CFBDC9FB2901A3C1006160DB /* Resources */,
			);
			buildRules = (
			);
			dependencies = (
			);
			name = widgetExtension;
			productName = widgetExtension;
			productReference = CFBDC9FD2901A3C2006160DB /* widgetExtension.appex */;
			productType = "com.apple.product-type.app-extension";
		};
/* End PBXNativeTarget section */

/* Begin PBXProject section */
		CFBDC9C42901A395006160DB /* Project object */ = {
			isa = PBXProject;
			attributes = {
				BuildIndependentTargetsInParallel = 1;
				LastSwiftUpdateCheck = 1410;
				LastUpgradeCheck = 1410;
				TargetAttributes = {
					CFBDC9CB2901A395006160DB = {
						CreatedOnToolsVersion = 14.1;
					};
					CFBDC9DB2901A397006160DB = {
						CreatedOnToolsVersion = 14.1;
						TestTargetID = CFBDC9CB2901A395006160DB;
					};
					CFBDC9E52901A397006160DB = {
						CreatedOnToolsVersion = 14.1;
						TestTargetID = CFBDC9CB2901A395006160DB;
					};
					CFBDC9FC2901A3C1006160DB = {
						CreatedOnToolsVersion = 14.1;
					};
				};
			};
			buildConfigurationList = CFBDC9C72901A395006160DB /* Build configuration list for PBXProject "Traffic Lights" */;
			compatibilityVersion = "Xcode 14.0";
			developmentRegion = en;
			hasScannedForEncodings = 0;
			knownRegions = (
				en,
				Base,
			);
			mainGroup = CFBDC9C32901A395006160DB;
			productRefGroup = CFBDC9CD2901A395006160DB /* Products */;
			projectDirPath = "";
			projectRoot = "";
			targets = (
				CFBDC9CB2901A395006160DB /* Traffic Lights */,
				CFBDC9DB2901A397006160DB /* Traffic LightsTests */,
				CFBDC9E52901A397006160DB /* Traffic LightsUITests */,
				CFBDC9FC2901A3C1006160DB /* widgetExtension */,
			);
		};
/* End PBXProject section */

/* Begin PBXResourcesBuildPhase section */
		CFBDC9CA2901A395006160DB /* Resources */ = {
			isa = PBXResourcesBuildPhase;
			buildActionMask = 2147483647;
			files = (
				CFBDC9D72901A397006160DB /* Preview Assets.xcassets in Resources */,
				CFBDC9D42901A397006160DB /* Assets.xcassets in Resources */,
			);
			runOnlyForDeploymentPostprocessing = 0;
		};
		CFBDC9DA2901A397006160DB /* Resources */ = {
			isa = PBXResourcesBuildPhase;
			buildActionMask = 2147483647;
			files = (
			);
			runOnlyForDeploymentPostprocessing = 0;
		};
		CFBDC9E42901A397006160DB /* Resources */ = {
			isa = PBXResourcesBuildPhase;
			buildActionMask = 2147483647;
			files = (
			);
			runOnlyForDeploymentPostprocessing = 0;
		};
		CFBDC9FB2901A3C1006160DB /* Resources */ = {
			isa = PBXResourcesBuildPhase;
			buildActionMask = 2147483647;
			files = (
				CFBDCA1A29026F5F006160DB /* Assets.xcassets in Resources */,
				CFBDCA0C2901A3C4006160DB /* Assets.xcassets in Resources */,
			);
			runOnlyForDeploymentPostprocessing = 0;
		};
/* End PBXResourcesBuildPhase section */

/* Begin PBXSourcesBuildPhase section */
		CFBDC9C82901A395006160DB /* Sources */ = {
			isa = PBXSourcesBuildPhase;
			buildActionMask = 2147483647;
			files = (
				CFBDCA172901A70E006160DB /* widgetLiveActivity.swift in Sources */,
				CFBDCA0F2901A3C4006160DB /* widget.intentdefinition in Sources */,
				CFBDC9D22901A395006160DB /* ContentView.swift in Sources */,
				CFBDC9D02901A395006160DB /* Traffic_LightsApp.swift in Sources */,
			);
			runOnlyForDeploymentPostprocessing = 0;
		};
		CFBDC9D82901A397006160DB /* Sources */ = {
			isa = PBXSourcesBuildPhase;
			buildActionMask = 2147483647;
			files = (
				CFBDC9E12901A397006160DB /* Traffic_LightsTests.swift in Sources */,
			);
			runOnlyForDeploymentPostprocessing = 0;
		};
		CFBDC9E22901A397006160DB /* Sources */ = {
			isa = PBXSourcesBuildPhase;
			buildActionMask = 2147483647;
			files = (
				CFBDC9EB2901A397006160DB /* Traffic_LightsUITests.swift in Sources */,
				CFBDC9ED2901A397006160DB /* Traffic_LightsUITestsLaunchTests.swift in Sources */,
			);
			runOnlyForDeploymentPostprocessing = 0;
		};
		CFBDC9F92901A3C1006160DB /* Sources */ = {
			isa = PBXSourcesBuildPhase;
			buildActionMask = 2147483647;
			files = (
				CFBDCA0E2901A3C4006160DB /* widget.intentdefinition in Sources */,
				CFB9DC37290E54E9005ACEBE /* ContentView.swift in Sources */,
				CFBDCA092901A3C2006160DB /* widget.swift in Sources */,
				CFBDCA072901A3C2006160DB /* widgetLiveActivity.swift in Sources */,
				CFBDCA052901A3C2006160DB /* widgetBundle.swift in Sources */,
			);
			runOnlyForDeploymentPostprocessing = 0;
		};
/* End PBXSourcesBuildPhase section */

/* Begin PBXTargetDependency section */
		CFBDC9DE2901A397006160DB /* PBXTargetDependency */ = {
			isa = PBXTargetDependency;
			target = CFBDC9CB2901A395006160DB /* Traffic Lights */;
			targetProxy = CFBDC9DD2901A397006160DB /* PBXContainerItemProxy */;
		};
		CFBDC9E82901A397006160DB /* PBXTargetDependency */ = {
			isa = PBXTargetDependency;
			target = CFBDC9CB2901A395006160DB /* Traffic Lights */;
			targetProxy = CFBDC9E72901A397006160DB /* PBXContainerItemProxy */;
		};
		CFBDCA112901A3C4006160DB /* PBXTargetDependency */ = {
			isa = PBXTargetDependency;
			target = CFBDC9FC2901A3C1006160DB /* widgetExtension */;
			targetProxy = CFBDCA102901A3C4006160DB /* PBXContainerItemProxy */;
		};
/* End PBXTargetDependency section */

/* Begin XCBuildConfiguration section */
		CFBDC9EE2901A397006160DB /* Debug */ = {
			isa = XCBuildConfiguration;
			buildSettings = {
				ALWAYS_SEARCH_USER_PATHS = NO;
				CLANG_ANALYZER_NONNULL = YES;
				CLANG_ANALYZER_NUMBER_OBJECT_CONVERSION = YES_AGGRESSIVE;
				CLANG_CXX_LANGUAGE_STANDARD = "gnu++20";
				CLANG_ENABLE_MODULES = YES;
				CLANG_ENABLE_OBJC_ARC = YES;
				CLANG_ENABLE_OBJC_WEAK = YES;
				CLANG_WARN_BLOCK_CAPTURE_AUTORELEASING = YES;
				CLANG_WARN_BOOL_CONVERSION = YES;
				CLANG_WARN_COMMA = YES;
				CLANG_WARN_CONSTANT_CONVERSION = YES;
				CLANG_WARN_DEPRECATED_OBJC_IMPLEMENTATIONS = YES;
				CLANG_WARN_DIRECT_OBJC_ISA_USAGE = YES_ERROR;
				CLANG_WARN_DOCUMENTATION_COMMENTS = YES;
				CLANG_WARN_EMPTY_BODY = YES;
				CLANG_WARN_ENUM_CONVERSION = YES;
				CLANG_WARN_INFINITE_RECURSION = YES;
				CLANG_WARN_INT_CONVERSION = YES;
				CLANG_WARN_NON_LITERAL_NULL_CONVERSION = YES;
				CLANG_WARN_OBJC_IMPLICIT_RETAIN_SELF = YES;
				CLANG_WARN_OBJC_LITERAL_CONVERSION = YES;
				CLANG_WARN_OBJC_ROOT_CLASS = YES_ERROR;
				CLANG_WARN_QUOTED_INCLUDE_IN_FRAMEWORK_HEADER = YES;
				CLANG_WARN_RANGE_LOOP_ANALYSIS = YES;
				CLANG_WARN_STRICT_PROTOTYPES = YES;
				CLANG_WARN_SUSPICIOUS_MOVE = YES;
				CLANG_WARN_UNGUARDED_AVAILABILITY = YES_AGGRESSIVE;
				CLANG_WARN_UNREACHABLE_CODE = YES;
				CLANG_WARN__DUPLICATE_METHOD_MATCH = YES;
				COPY_PHASE_STRIP = NO;
				DEBUG_INFORMATION_FORMAT = dwarf;
				ENABLE_STRICT_OBJC_MSGSEND = YES;
				ENABLE_TESTABILITY = YES;
				GCC_C_LANGUAGE_STANDARD = gnu11;
				GCC_DYNAMIC_NO_PIC = NO;
				GCC_NO_COMMON_BLOCKS = YES;
				GCC_OPTIMIZATION_LEVEL = 0;
				GCC_PREPROCESSOR_DEFINITIONS = (
					"DEBUG=1",
					"$(inherited)",
				);
				GCC_WARN_64_TO_32_BIT_CONVERSION = YES;
				GCC_WARN_ABOUT_RETURN_TYPE = YES_ERROR;
				GCC_WARN_UNDECLARED_SELECTOR = YES;
				GCC_WARN_UNINITIALIZED_AUTOS = YES_AGGRESSIVE;
				GCC_WARN_UNUSED_FUNCTION = YES;
				GCC_WARN_UNUSED_VARIABLE = YES;
				IPHONEOS_DEPLOYMENT_TARGET = 16.1;
				MTL_ENABLE_DEBUG_INFO = INCLUDE_SOURCE;
				MTL_FAST_MATH = YES;
				ONLY_ACTIVE_ARCH = YES;
				SDKROOT = iphoneos;
				SWIFT_ACTIVE_COMPILATION_CONDITIONS = DEBUG;
				SWIFT_OPTIMIZATION_LEVEL = "-Onone";
			};
			name = Debug;
		};
		CFBDC9EF2901A397006160DB /* Release */ = {
			isa = XCBuildConfiguration;
			buildSettings = {
				ALWAYS_SEARCH_USER_PATHS = NO;
				CLANG_ANALYZER_NONNULL = YES;
				CLANG_ANALYZER_NUMBER_OBJECT_CONVERSION = YES_AGGRESSIVE;
				CLANG_CXX_LANGUAGE_STANDARD = "gnu++20";
				CLANG_ENABLE_MODULES = YES;
				CLANG_ENABLE_OBJC_ARC = YES;
				CLANG_ENABLE_OBJC_WEAK = YES;
				CLANG_WARN_BLOCK_CAPTURE_AUTORELEASING = YES;
				CLANG_WARN_BOOL_CONVERSION = YES;
				CLANG_WARN_COMMA = YES;
				CLANG_WARN_CONSTANT_CONVERSION = YES;
				CLANG_WARN_DEPRECATED_OBJC_IMPLEMENTATIONS = YES;
				CLANG_WARN_DIRECT_OBJC_ISA_USAGE = YES_ERROR;
				CLANG_WARN_DOCUMENTATION_COMMENTS = YES;
				CLANG_WARN_EMPTY_BODY = YES;
				CLANG_WARN_ENUM_CONVERSION = YES;
				CLANG_WARN_INFINITE_RECURSION = YES;
				CLANG_WARN_INT_CONVERSION = YES;
				CLANG_WARN_NON_LITERAL_NULL_CONVERSION = YES;
				CLANG_WARN_OBJC_IMPLICIT_RETAIN_SELF = YES;
				CLANG_WARN_OBJC_LITERAL_CONVERSION = YES;
				CLANG_WARN_OBJC_ROOT_CLASS = YES_ERROR;
				CLANG_WARN_QUOTED_INCLUDE_IN_FRAMEWORK_HEADER = YES;
				CLANG_WARN_RANGE_LOOP_ANALYSIS = YES;
				CLANG_WARN_STRICT_PROTOTYPES = YES;
				CLANG_WARN_SUSPICIOUS_MOVE = YES;
				CLANG_WARN_UNGUARDED_AVAILABILITY = YES_AGGRESSIVE;
				CLANG_WARN_UNREACHABLE_CODE = YES;
				CLANG_WARN__DUPLICATE_METHOD_MATCH = YES;
				COPY_PHASE_STRIP = NO;
				DEBUG_INFORMATION_FORMAT = "dwarf-with-dsym";
				ENABLE_NS_ASSERTIONS = NO;
				ENABLE_STRICT_OBJC_MSGSEND = YES;
				GCC_C_LANGUAGE_STANDARD = gnu11;
				GCC_NO_COMMON_BLOCKS = YES;
				GCC_WARN_64_TO_32_BIT_CONVERSION = YES;
				GCC_WARN_ABOUT_RETURN_TYPE = YES_ERROR;
				GCC_WARN_UNDECLARED_SELECTOR = YES;
				GCC_WARN_UNINITIALIZED_AUTOS = YES_AGGRESSIVE;
				GCC_WARN_UNUSED_FUNCTION = YES;
				GCC_WARN_UNUSED_VARIABLE = YES;
				IPHONEOS_DEPLOYMENT_TARGET = 16.1;
				MTL_ENABLE_DEBUG_INFO = NO;
				MTL_FAST_MATH = YES;
				SDKROOT = iphoneos;
				SWIFT_COMPILATION_MODE = wholemodule;
				SWIFT_OPTIMIZATION_LEVEL = "-O";
				VALIDATE_PRODUCT = YES;
			};
			name = Release;
		};
		CFBDC9F12901A397006160DB /* Debug */ = {
			isa = XCBuildConfiguration;
			buildSettings = {
				ALWAYS_EMBED_SWIFT_STANDARD_LIBRARIES = YES;
				ASSETCATALOG_COMPILER_APPICON_NAME = AppIcon;
				ASSETCATALOG_COMPILER_GLOBAL_ACCENT_COLOR_NAME = AccentColor;
				CODE_SIGN_STYLE = Automatic;
				CURRENT_PROJECT_VERSION = 1;
				DEVELOPMENT_ASSET_PATHS = "\"Traffic Lights/Preview Content\"";
				DEVELOPMENT_TEAM = VVD3L3V6TF;
				ENABLE_PREVIEWS = YES;
				GENERATE_INFOPLIST_FILE = YES;
				INFOPLIST_KEY_NSSupportsLiveActivities = YES;
				INFOPLIST_KEY_UIApplicationSceneManifest_Generation = YES;
				INFOPLIST_KEY_UIApplicationSupportsIndirectInputEvents = YES;
				INFOPLIST_KEY_UILaunchScreen_Generation = YES;
				INFOPLIST_KEY_UISupportedInterfaceOrientations_iPad = "UIInterfaceOrientationPortrait UIInterfaceOrientationPortraitUpsideDown UIInterfaceOrientationLandscapeLeft UIInterfaceOrientationLandscapeRight";
				INFOPLIST_KEY_UISupportedInterfaceOrientations_iPhone = "UIInterfaceOrientationPortrait UIInterfaceOrientationLandscapeLeft UIInterfaceOrientationLandscapeRight";
				LD_RUNPATH_SEARCH_PATHS = (
					"$(inherited)",
					"@executable_path/Frameworks",
				);
				MARKETING_VERSION = 1.0;
				PRODUCT_BUNDLE_IDENTIFIER = "com.heykwarb.Traffic-Lights";
				PRODUCT_NAME = "$(TARGET_NAME)";
				SWIFT_EMIT_LOC_STRINGS = YES;
				SWIFT_VERSION = 5.0;
				TARGETED_DEVICE_FAMILY = "1,2";
			};
			name = Debug;
		};
		CFBDC9F22901A397006160DB /* Release */ = {
			isa = XCBuildConfiguration;
			buildSettings = {
				ALWAYS_EMBED_SWIFT_STANDARD_LIBRARIES = YES;
				ASSETCATALOG_COMPILER_APPICON_NAME = AppIcon;
				ASSETCATALOG_COMPILER_GLOBAL_ACCENT_COLOR_NAME = AccentColor;
				CODE_SIGN_STYLE = Automatic;
				CURRENT_PROJECT_VERSION = 1;
				DEVELOPMENT_ASSET_PATHS = "\"Traffic Lights/Preview Content\"";
				DEVELOPMENT_TEAM = VVD3L3V6TF;
				ENABLE_PREVIEWS = YES;
				GENERATE_INFOPLIST_FILE = YES;
				INFOPLIST_KEY_NSSupportsLiveActivities = YES;
				INFOPLIST_KEY_UIApplicationSceneManifest_Generation = YES;
				INFOPLIST_KEY_UIApplicationSupportsIndirectInputEvents = YES;
				INFOPLIST_KEY_UILaunchScreen_Generation = YES;
				INFOPLIST_KEY_UISupportedInterfaceOrientations_iPad = "UIInterfaceOrientationPortrait UIInterfaceOrientationPortraitUpsideDown UIInterfaceOrientationLandscapeLeft UIInterfaceOrientationLandscapeRight";
				INFOPLIST_KEY_UISupportedInterfaceOrientations_iPhone = "UIInterfaceOrientationPortrait UIInterfaceOrientationLandscapeLeft UIInterfaceOrientationLandscapeRight";
				LD_RUNPATH_SEARCH_PATHS = (
					"$(inherited)",
					"@executable_path/Frameworks",
				);
				MARKETING_VERSION = 1.0;
				PRODUCT_BUNDLE_IDENTIFIER = "com.heykwarb.Traffic-Lights";
				PRODUCT_NAME = "$(TARGET_NAME)";
				SWIFT_EMIT_LOC_STRINGS = YES;
				SWIFT_VERSION = 5.0;
				TARGETED_DEVICE_FAMILY = "1,2";
			};
			name = Release;
		};
		CFBDC9F42901A397006160DB /* Debug */ = {
			isa = XCBuildConfiguration;
			buildSettings = {
				ALWAYS_EMBED_SWIFT_STANDARD_LIBRARIES = YES;
				BUNDLE_LOADER = "$(TEST_HOST)";
				CODE_SIGN_STYLE = Automatic;
				CURRENT_PROJECT_VERSION = 1;
				DEVELOPMENT_TEAM = VVD3L3V6TF;
				GENERATE_INFOPLIST_FILE = YES;
				IPHONEOS_DEPLOYMENT_TARGET = 16.1;
				MARKETING_VERSION = 1.0;
				PRODUCT_BUNDLE_IDENTIFIER = "com.heykwarb.Traffic-LightsTests";
				PRODUCT_NAME = "$(TARGET_NAME)";
				SWIFT_EMIT_LOC_STRINGS = NO;
				SWIFT_VERSION = 5.0;
				TARGETED_DEVICE_FAMILY = "1,2";
				TEST_HOST = "$(BUILT_PRODUCTS_DIR)/Traffic Lights.app/$(BUNDLE_EXECUTABLE_FOLDER_PATH)/Traffic Lights";
			};
			name = Debug;
		};
		CFBDC9F52901A397006160DB /* Release */ = {
			isa = XCBuildConfiguration;
			buildSettings = {
				ALWAYS_EMBED_SWIFT_STANDARD_LIBRARIES = YES;
				BUNDLE_LOADER = "$(TEST_HOST)";
				CODE_SIGN_STYLE = Automatic;
				CURRENT_PROJECT_VERSION = 1;
				DEVELOPMENT_TEAM = VVD3L3V6TF;
				GENERATE_INFOPLIST_FILE = YES;
				IPHONEOS_DEPLOYMENT_TARGET = 16.1;
				MARKETING_VERSION = 1.0;
				PRODUCT_BUNDLE_IDENTIFIER = "com.heykwarb.Traffic-LightsTests";
				PRODUCT_NAME = "$(TARGET_NAME)";
				SWIFT_EMIT_LOC_STRINGS = NO;
				SWIFT_VERSION = 5.0;
				TARGETED_DEVICE_FAMILY = "1,2";
				TEST_HOST = "$(BUILT_PRODUCTS_DIR)/Traffic Lights.app/$(BUNDLE_EXECUTABLE_FOLDER_PATH)/Traffic Lights";
			};
			name = Release;
		};
		CFBDC9F72901A397006160DB /* Debug */ = {
			isa = XCBuildConfiguration;
			buildSettings = {
				ALWAYS_EMBED_SWIFT_STANDARD_LIBRARIES = YES;
				CODE_SIGN_STYLE = Automatic;
				CURRENT_PROJECT_VERSION = 1;
				DEVELOPMENT_TEAM = VVD3L3V6TF;
				GENERATE_INFOPLIST_FILE = YES;
				MARKETING_VERSION = 1.0;
				PRODUCT_BUNDLE_IDENTIFIER = "com.heykwarb.Traffic-LightsUITests";
				PRODUCT_NAME = "$(TARGET_NAME)";
				SWIFT_EMIT_LOC_STRINGS = NO;
				SWIFT_VERSION = 5.0;
				TARGETED_DEVICE_FAMILY = "1,2";
				TEST_TARGET_NAME = "Traffic Lights";
			};
			name = Debug;
		};
		CFBDC9F82901A397006160DB /* Release */ = {
			isa = XCBuildConfiguration;
			buildSettings = {
				ALWAYS_EMBED_SWIFT_STANDARD_LIBRARIES = YES;
				CODE_SIGN_STYLE = Automatic;
				CURRENT_PROJECT_VERSION = 1;
				DEVELOPMENT_TEAM = VVD3L3V6TF;
				GENERATE_INFOPLIST_FILE = YES;
				MARKETING_VERSION = 1.0;
				PRODUCT_BUNDLE_IDENTIFIER = "com.heykwarb.Traffic-LightsUITests";
				PRODUCT_NAME = "$(TARGET_NAME)";
				SWIFT_EMIT_LOC_STRINGS = NO;
				SWIFT_VERSION = 5.0;
				TARGETED_DEVICE_FAMILY = "1,2";
				TEST_TARGET_NAME = "Traffic Lights";
			};
			name = Release;
		};
		CFBDCA142901A3C4006160DB /* Debug */ = {
			isa = XCBuildConfiguration;
			buildSettings = {
				ASSETCATALOG_COMPILER_GLOBAL_ACCENT_COLOR_NAME = AccentColor;
				ASSETCATALOG_COMPILER_WIDGET_BACKGROUND_COLOR_NAME = WidgetBackground;
				CODE_SIGN_STYLE = Automatic;
				CURRENT_PROJECT_VERSION = 1;
				DEVELOPMENT_TEAM = VVD3L3V6TF;
				GENERATE_INFOPLIST_FILE = YES;
				INFOPLIST_FILE = widget/Info.plist;
				INFOPLIST_KEY_CFBundleDisplayName = widget;
				INFOPLIST_KEY_NSHumanReadableCopyright = "";
				LD_RUNPATH_SEARCH_PATHS = (
					"$(inherited)",
					"@executable_path/Frameworks",
					"@executable_path/../../Frameworks",
				);
				MARKETING_VERSION = 1.0;
				PRODUCT_BUNDLE_IDENTIFIER = "com.heykwarb.Traffic-Lights.widget";
				PRODUCT_NAME = "$(TARGET_NAME)";
				SKIP_INSTALL = YES;
				SWIFT_EMIT_LOC_STRINGS = YES;
				SWIFT_VERSION = 5.0;
				TARGETED_DEVICE_FAMILY = "1,2";
			};
			name = Debug;
		};
		CFBDCA152901A3C4006160DB /* Release */ = {
			isa = XCBuildConfiguration;
			buildSettings = {
				ASSETCATALOG_COMPILER_GLOBAL_ACCENT_COLOR_NAME = AccentColor;
				ASSETCATALOG_COMPILER_WIDGET_BACKGROUND_COLOR_NAME = WidgetBackground;
				CODE_SIGN_STYLE = Automatic;
				CURRENT_PROJECT_VERSION = 1;
				DEVELOPMENT_TEAM = VVD3L3V6TF;
				GENERATE_INFOPLIST_FILE = YES;
				INFOPLIST_FILE = widget/Info.plist;
				INFOPLIST_KEY_CFBundleDisplayName = widget;
				INFOPLIST_KEY_NSHumanReadableCopyright = "";
				LD_RUNPATH_SEARCH_PATHS = (
					"$(inherited)",
					"@executable_path/Frameworks",
					"@executable_path/../../Frameworks",
				);
				MARKETING_VERSION = 1.0;
				PRODUCT_BUNDLE_IDENTIFIER = "com.heykwarb.Traffic-Lights.widget";
				PRODUCT_NAME = "$(TARGET_NAME)";
				SKIP_INSTALL = YES;
				SWIFT_EMIT_LOC_STRINGS = YES;
				SWIFT_VERSION = 5.0;
				TARGETED_DEVICE_FAMILY = "1,2";
			};
			name = Release;
		};
/* End XCBuildConfiguration section */

/* Begin XCConfigurationList section */
		CFBDC9C72901A395006160DB /* Build configuration list for PBXProject "Traffic Lights" */ = {
			isa = XCConfigurationList;
			buildConfigurations = (
				CFBDC9EE2901A397006160DB /* Debug */,
				CFBDC9EF2901A397006160DB /* Release */,
			);
			defaultConfigurationIsVisible = 0;
			defaultConfigurationName = Release;
		};
		CFBDC9F02901A397006160DB /* Build configuration list for PBXNativeTarget "Traffic Lights" */ = {
			isa = XCConfigurationList;
			buildConfigurations = (
				CFBDC9F12901A397006160DB /* Debug */,
				CFBDC9F22901A397006160DB /* Release */,
			);
			defaultConfigurationIsVisible = 0;
			defaultConfigurationName = Release;
		};
		CFBDC9F32901A397006160DB /* Build configuration list for PBXNativeTarget "Traffic LightsTests" */ = {
			isa = XCConfigurationList;
			buildConfigurations = (
				CFBDC9F42901A397006160DB /* Debug */,
				CFBDC9F52901A397006160DB /* Release */,
			);
			defaultConfigurationIsVisible = 0;
			defaultConfigurationName = Release;
		};
		CFBDC9F62901A397006160DB /* Build configuration list for PBXNativeTarget "Traffic LightsUITests" */ = {
			isa = XCConfigurationList;
			buildConfigurations = (
				CFBDC9F72901A397006160DB /* Debug */,
				CFBDC9F82901A397006160DB /* Release */,
			);
			defaultConfigurationIsVisible = 0;
			defaultConfigurationName = Release;
		};
		CFBDCA132901A3C4006160DB /* Build configuration list for PBXNativeTarget "widgetExtension" */ = {
			isa = XCConfigurationList;
			buildConfigurations = (
				CFBDCA142901A3C4006160DB /* Debug */,
				CFBDCA152901A3C4006160DB /* Release */,
			);
			defaultConfigurationIsVisible = 0;
			defaultConfigurationName = Release;
		};
/* End XCConfigurationList section */
	};
	rootObject = CFBDC9C42901A395006160DB /* Project object */;
}
